
Microsoft Visual Studio Solution File, Format Version 12.00
# Visual Studio 2013
VisualStudioVersion = 12.0.30723.0
MinimumVisualStudioVersion = 10.0.40219.1
Project("{FAE04EC0-301F-11D3-BF4B-00C04F79EFBC}") = "WindowsFormsApplication1", "WindowsFormsApplication1\WindowsFormsApplication1.csproj", "{ABB336A4-700B-4C98-8603-6430EB56DA51}"
	ProjectSection(ProjectDependencies) = postProject
		{B6D1B5CA-0786-4942-88BD-67E541202BD2} = {B6D1B5CA-0786-4942-88BD-67E541202BD2}
	EndProjectSection
EndProject
Project("{FAE04EC0-301F-11D3-BF4B-00C04F79EFBC}") = "WcfService1", "WcfService1\WcfService1.csproj", "{B6D1B5CA-0786-4942-88BD-67E541202BD2}"
EndProject
Project("{FAE04EC0-301F-11D3-BF4B-00C04F79EFBC}") = "RedifyClient", "WindowsFormsApplication2\RedifyClient.csproj", "{5CC32547-783E-43E2-8C0B-EDA4459F47CF}"
EndProject
Global
	GlobalSection(SolutionConfigurationPlatforms) = preSolution
		Debug|Any CPU = Debug|Any CPU
		Release|Any CPU = Release|Any CPU
	EndGlobalSection
	GlobalSection(ProjectConfigurationPlatforms) = postSolution
		{ABB336A4-700B-4C98-8603-6430EB56DA51}.Debug|Any CPU.ActiveCfg = Debug|Any CPU
		{ABB336A4-700B-4C98-8603-6430EB56DA51}.Debug|Any CPU.Build.0 = Debug|Any CPU
		{ABB336A4-700B-4C98-8603-6430EB56DA51}.Release|Any CPU.ActiveCfg = Release|Any CPU
		{ABB336A4-700B-4C98-8603-6430EB56DA51}.Release|Any CPU.Build.0 = Release|Any CPU
		{B6D1B5CA-0786-4942-88BD-67E541202BD2}.Debug|Any CPU.ActiveCfg = Debug|Any CPU
		{B6D1B5CA-0786-4942-88BD-67E541202BD2}.Debug|Any CPU.Build.0 = Debug|Any CPU
		{B6D1B5CA-0786-4942-88BD-67E541202BD2}.Release|Any CPU.ActiveCfg = Release|Any CPU
		{B6D1B5CA-0786-4942-88BD-67E541202BD2}.Release|Any CPU.Build.0 = Release|Any CPU
		{5CC32547-783E-43E2-8C0B-EDA4459F47CF}.Debug|Any CPU.ActiveCfg = Debug|Any CPU
		{5CC32547-783E-43E2-8C0B-EDA4459F47CF}.Debug|Any CPU.Build.0 = Debug|Any CPU
		{5CC32547-783E-43E2-8C0B-EDA4459F47CF}.Release|Any CPU.ActiveCfg = Release|Any CPU
		{5CC32547-783E-43E2-8C0B-EDA4459F47CF}.Release|Any CPU.Build.0 = Release|Any CPU
	EndGlobalSection
	GlobalSection(SolutionProperties) = preSolution
		HideSolutionNode = FALSE
	EndGlobalSection
EndGlobal
